Microsoft Visual Studio Solution File, Format Version 8.00
Project("{8BC9CEB8-8B4A-11D0-8D11-00A0C91BC942}") = "FreeMat", "FreeMat.vcproj", "{6ABBD59F-DF42-4659-B393-D875E24613E6}"
	ProjectSection(ProjectDependencies) = postProject
		{B2DF5C1B-3726-41A3-9CE6-36FAE77CCC10} = {B2DF5C1B-3726-41A3-9CE6-36FAE77CCC10}
		{3D53C232-556F-434C-B2D0-F8414940B754} = {3D53C232-556F-434C-B2D0-F8414940B754}
		{55F91251-BF8F-4EB4-8CC1-4EFB7DFBF589} = {55F91251-BF8F-4EB4-8CC1-4EFB7DFBF589}
		{9F11D651-8ACF-4FE5-ABA0-AC1DD331AE48} = {9F11D651-8ACF-4FE5-ABA0-AC1DD331AE48}
		{ACD66662-B524-4D6D-9292-49E0647C4B31} = {ACD66662-B524-4D6D-9292-49E0647C4B31}
		{D6606466-C5FF-423A-A821-8635D5702EAE} = {D6606466-C5FF-423A-A821-8635D5702EAE}
		{D49E976F-565C-4D09-B27D-2042A47BF09C} = {D49E976F-565C-4D09-B27D-2042A47BF09C}
		{7FF28772-0557-4735-AE2C-4FE76E84CCDB} = {7FF28772-0557-4735-AE2C-4FE76E84CCDB}
		{CAF1357E-E4D9-483A-8121-0FE8209D1DE8} = {CAF1357E-E4D9-483A-8121-0FE8209D1DE8}
		{11DB8592-6280-45AD-8F30-F95B242F28DC} = {11DB8592-6280-45AD-8F30-F95B242F28DC}
		{5BF1689B-E04C-4AF4-BAC5-F09D4BCCD6BB} = {5BF1689B-E04C-4AF4-BAC5-F09D4BCCD6BB}
		{EABB629D-8B23-4DB1-897A-C906A80BB57B} = {EABB629D-8B23-4DB1-897A-C906A80BB57B}
		{706A16AD-4C3C-4F5E-8420-8A7CAABB6CA1} = {706A16AD-4C3C-4F5E-8420-8A7CAABB6CA1}
		{BEDD0DB3-1144-4D49-A84D-E150DC0BFC9B} = {BEDD0DB3-1144-4D49-A84D-E150DC0BFC9B}
		{437F1FBC-DB1F-43F7-8C37-496518D268E9} = {437F1FBC-DB1F-43F7-8C37-496518D268E9}
		{F71A3DBE-778A-41D5-8C4F-E4A6398D4BAA} = {F71A3DBE-778A-41D5-8C4F-E4A6398D4BAA}
		{8DE75DD2-E124-4EC4-B36B-1DD94D40EC27} = {8DE75DD2-E124-4EC4-B36B-1DD94D40EC27}
		{272095F1-D407-412A-B03E-C798E90B61A1} = {272095F1-D407-412A-B03E-C798E90B61A1}
		{BA86C3FC-D9FA-415B-A8A2-AAADBEEFDA9F} = {BA86C3FC-D9FA-415B-A8A2-AAADBEEFDA9F}
	EndProjectSection
EndProject
Project("{8BC9CEB8-8B4A-11D0-8D11-00A0C91BC942}") = "libCore", "libs\libCore\libCore.vcproj", "{EABB629D-8B23-4DB1-897A-C906A80BB57B}"
	ProjectSection(ProjectDependencies) = postProject
	EndProjectSection
EndProject
Project("{8BC9CEB8-8B4A-11D0-8D11-00A0C91BC942}") = "libFFTPack", "libs\libFFTPack\libFFTPack.vcproj", "{706A16AD-4C3C-4F5E-8420-8A7CAABB6CA1}"
	ProjectSection(ProjectDependencies) = postProject
	EndProjectSection
EndProject
Project("{8BC9CEB8-8B4A-11D0-8D11-00A0C91BC942}") = "libFreeMat", "libs\libFreeMat\libFreeMat.vcproj", "{ACD66662-B524-4D6D-9292-49E0647C4B31}"
	ProjectSection(ProjectDependencies) = postProject
	EndProjectSection
EndProject
Project("{8BC9CEB8-8B4A-11D0-8D11-00A0C91BC942}") = "libGraphics", "libs\libGraphics\libGraphics.vcproj", "{F71A3DBE-778A-41D5-8C4F-E4A6398D4BAA}"
	ProjectSection(ProjectDependencies) = postProject
	EndProjectSection
EndProject
Project("{8BC9CEB8-8B4A-11D0-8D11-00A0C91BC942}") = "libMiniBLAS", "libs\libMiniBLAS\libMiniBLAS.vcproj", "{9F11D651-8ACF-4FE5-ABA0-AC1DD331AE48}"
	ProjectSection(ProjectDependencies) = postProject
	EndProjectSection
EndProject
Project("{8BC9CEB8-8B4A-11D0-8D11-00A0C91BC942}") = "libMiniLAPACK", "libs\libMiniLAPACK\libMiniLAPACK.vcproj", "{8DE75DD2-E124-4EC4-B36B-1DD94D40EC27}"
	ProjectSection(ProjectDependencies) = postProject
	EndProjectSection
EndProject
Project("{8BC9CEB8-8B4A-11D0-8D11-00A0C91BC942}") = "libXP", "libs\libXP\libXP.vcproj", "{3D53C232-556F-434C-B2D0-F8414940B754}"
	ProjectSection(ProjectDependencies) = postProject
	EndProjectSection
EndProject
Project("{8BC9CEB8-8B4A-11D0-8D11-00A0C91BC942}") = "libf2c", "libs\libf2c\libf2c.vcproj", "{272095F1-D407-412A-B03E-C798E90B61A1}"
	ProjectSection(ProjectDependencies) = postProject
	EndProjectSection
EndProject
Project("{8BC9CEB8-8B4A-11D0-8D11-00A0C91BC942}") = "libffi", "libs\libffi\libffi.vcproj", "{BEDD0DB3-1144-4D49-A84D-E150DC0BFC9B}"
	ProjectSection(ProjectDependencies) = postProject
	EndProjectSection
EndProject
Project("{8BC9CEB8-8B4A-11D0-8D11-00A0C91BC942}") = "libjpeg6b", "libs\libjpeg6b\libjpeg6b.vcproj", "{D49E976F-565C-4D09-B27D-2042A47BF09C}"
	ProjectSection(ProjectDependencies) = postProject
	EndProjectSection
EndProject
Project("{8BC9CEB8-8B4A-11D0-8D11-00A0C91BC942}") = "libtiff361", "libs\libtiff361\libtiff361.vcproj", "{BA86C3FC-D9FA-415B-A8A2-AAADBEEFDA9F}"
	ProjectSection(ProjectDependencies) = postProject
	EndProjectSection
EndProject
Project("{8BC9CEB8-8B4A-11D0-8D11-00A0C91BC942}") = "libz", "libs\libz\libz.vcproj", "{B2DF5C1B-3726-41A3-9CE6-36FAE77CCC10}"
	ProjectSection(ProjectDependencies) = postProject
	EndProjectSection
EndProject
Project("{8BC9CEB8-8B4A-11D0-8D11-00A0C91BC942}") = "lpng125", "libs\lpng125\lpng125.vcproj", "{7FF28772-0557-4735-AE2C-4FE76E84CCDB}"
	ProjectSection(ProjectDependencies) = postProject
	EndProjectSection
EndProject
Project("{8BC9CEB8-8B4A-11D0-8D11-00A0C91BC942}") = "libFN", "libs\libFN\libFN.vcproj", "{437F1FBC-DB1F-43F7-8C37-496518D268E9}"
	ProjectSection(ProjectDependencies) = postProject
	EndProjectSection
EndProject
Project("{8BC9CEB8-8B4A-11D0-8D11-00A0C91BC942}") = "libFLTK", "libs\libFLTK\libfltk.vcproj", "{11DB8592-6280-45AD-8F30-F95B242F28DC}"
	ProjectSection(ProjectDependencies) = postProject
		{B2DF5C1B-3726-41A3-9CE6-36FAE77CCC10} = {B2DF5C1B-3726-41A3-9CE6-36FAE77CCC10}
		{D49E976F-565C-4D09-B27D-2042A47BF09C} = {D49E976F-565C-4D09-B27D-2042A47BF09C}
		{7FF28772-0557-4735-AE2C-4FE76E84CCDB} = {7FF28772-0557-4735-AE2C-4FE76E84CCDB}
	EndProjectSection
EndProject
Project("{8BC9CEB8-8B4A-11D0-8D11-00A0C91BC942}") = "libAMD", "libs\libUMFPACK\AMD\libAMD\libAMD.vcproj", "{55F91251-BF8F-4EB4-8CC1-4EFB7DFBF589}"
	ProjectSection(ProjectDependencies) = postProject
	EndProjectSection
EndProject
Project("{8BC9CEB8-8B4A-11D0-8D11-00A0C91BC942}") = "libUMFPACK_di", "libs\libUMFPACK\UMFPACK\libUMFPACK\libUMFPACK.vcproj", "{5BF1689B-E04C-4AF4-BAC5-F09D4BCCD6BB}"
	ProjectSection(ProjectDependencies) = postProject
	EndProjectSection
EndProject
Project("{8BC9CEB8-8B4A-11D0-8D11-00A0C91BC942}") = "libUMFPACK_zi", "libs\libUMFPACK\UMFPACK\libUMFPACK_zi\libUMFPACK_zi.vcproj", "{CAF1357E-E4D9-483A-8121-0FE8209D1DE8}"
	ProjectSection(ProjectDependencies) = postProject
	EndProjectSection
EndProject
Project("{8BC9CEB8-8B4A-11D0-8D11-00A0C91BC942}") = "libARPACK", "libs\libARPACK\libARPACK.vcproj", "{D6606466-C5FF-423A-A821-8635D5702EAE}"
	ProjectSection(ProjectDependencies) = postProject
	EndProjectSection
EndProject
Global
	GlobalSection(SolutionConfiguration) = preSolution
		Debug = Debug
		Release = Release
	EndGlobalSection
	GlobalSection(ProjectConfiguration) = postSolution
		{6ABBD59F-DF42-4659-B393-D875E24613E6}.Debug.ActiveCfg = Debug|Win32
		{6ABBD59F-DF42-4659-B393-D875E24613E6}.Debug.Build.0 = Debug|Win32
		{6ABBD59F-DF42-4659-B393-D875E24613E6}.Release.ActiveCfg = Release|Win32
		{6ABBD59F-DF42-4659-B393-D875E24613E6}.Release.Build.0 = Release|Win32
		{EABB629D-8B23-4DB1-897A-C906A80BB57B}.Debug.ActiveCfg = Debug|Win32
		{EABB629D-8B23-4DB1-897A-C906A80BB57B}.Debug.Build.0 = Debug|Win32
		{EABB629D-8B23-4DB1-897A-C906A80BB57B}.Release.ActiveCfg = Release|Win32
		{EABB629D-8B23-4DB1-897A-C906A80BB57B}.Release.Build.0 = Release|Win32
		{706A16AD-4C3C-4F5E-8420-8A7CAABB6CA1}.Debug.ActiveCfg = Debug|Win32
		{706A16AD-4C3C-4F5E-8420-8A7CAABB6CA1}.Debug.Build.0 = Debug|Win32
		{706A16AD-4C3C-4F5E-8420-8A7CAABB6CA1}.Release.ActiveCfg = Release|Win32
		{706A16AD-4C3C-4F5E-8420-8A7CAABB6CA1}.Release.Build.0 = Release|Win32
		{ACD66662-B524-4D6D-9292-49E0647C4B31}.Debug.ActiveCfg = Debug|Win32
		{ACD66662-B524-4D6D-9292-49E0647C4B31}.Debug.Build.0 = Debug|Win32
		{ACD66662-B524-4D6D-9292-49E0647C4B31}.Release.ActiveCfg = Release|Win32
		{ACD66662-B524-4D6D-9292-49E0647C4B31}.Release.Build.0 = Release|Win32
		{F71A3DBE-778A-41D5-8C4F-E4A6398D4BAA}.Debug.ActiveCfg = Debug|Win32
		{F71A3DBE-778A-41D5-8C4F-E4A6398D4BAA}.Debug.Build.0 = Debug|Win32
		{F71A3DBE-778A-41D5-8C4F-E4A6398D4BAA}.Release.ActiveCfg = Release|Win32
		{F71A3DBE-778A-41D5-8C4F-E4A6398D4BAA}.Release.Build.0 = Release|Win32
		{9F11D651-8ACF-4FE5-ABA0-AC1DD331AE48}.Debug.ActiveCfg = Debug|Win32
		{9F11D651-8ACF-4FE5-ABA0-AC1DD331AE48}.Debug.Build.0 = Debug|Win32
		{9F11D651-8ACF-4FE5-ABA0-AC1DD331AE48}.Release.ActiveCfg = Release|Win32
		{9F11D651-8ACF-4FE5-ABA0-AC1DD331AE48}.Release.Build.0 = Release|Win32
		{8DE75DD2-E124-4EC4-B36B-1DD94D40EC27}.Debug.ActiveCfg = Debug|Win32
		{8DE75DD2-E124-4EC4-B36B-1DD94D40EC27}.Debug.Build.0 = Debug|Win32
		{8DE75DD2-E124-4EC4-B36B-1DD94D40EC27}.Release.ActiveCfg = Release|Win32
		{8DE75DD2-E124-4EC4-B36B-1DD94D40EC27}.Release.Build.0 = Release|Win32
		{3D53C232-556F-434C-B2D0-F8414940B754}.Debug.ActiveCfg = Debug|Win32
		{3D53C232-556F-434C-B2D0-F8414940B754}.Debug.Build.0 = Debug|Win32
		{3D53C232-556F-434C-B2D0-F8414940B754}.Release.ActiveCfg = Release|Win32
		{3D53C232-556F-434C-B2D0-F8414940B754}.Release.Build.0 = Release|Win32
		{272095F1-D407-412A-B03E-C798E90B61A1}.Debug.ActiveCfg = Debug|Win32
		{272095F1-D407-412A-B03E-C798E90B61A1}.Debug.Build.0 = Debug|Win32
		{272095F1-D407-412A-B03E-C798E90B61A1}.Release.ActiveCfg = Release|Win32
		{272095F1-D407-412A-B03E-C798E90B61A1}.Release.Build.0 = Release|Win32
		{BEDD0DB3-1144-4D49-A84D-E150DC0BFC9B}.Debug.ActiveCfg = Debug|Win32
		{BEDD0DB3-1144-4D49-A84D-E150DC0BFC9B}.Debug.Build.0 = Debug|Win32
		{BEDD0DB3-1144-4D49-A84D-E150DC0BFC9B}.Release.ActiveCfg = Release|Win32
		{BEDD0DB3-1144-4D49-A84D-E150DC0BFC9B}.Release.Build.0 = Release|Win32
		{D49E976F-565C-4D09-B27D-2042A47BF09C}.Debug.ActiveCfg = Debug|Win32
		{D49E976F-565C-4D09-B27D-2042A47BF09C}.Debug.Build.0 = Debug|Win32
		{D49E976F-565C-4D09-B27D-2042A47BF09C}.Release.ActiveCfg = Release|Win32
		{D49E976F-565C-4D09-B27D-2042A47BF09C}.Release.Build.0 = Release|Win32
		{BA86C3FC-D9FA-415B-A8A2-AAADBEEFDA9F}.Debug.ActiveCfg = Debug|Win32
		{BA86C3FC-D9FA-415B-A8A2-AAADBEEFDA9F}.Debug.Build.0 = Debug|Win32
		{BA86C3FC-D9FA-415B-A8A2-AAADBEEFDA9F}.Release.ActiveCfg = Release|Win32
		{BA86C3FC-D9FA-415B-A8A2-AAADBEEFDA9F}.Release.Build.0 = Release|Win32
		{B2DF5C1B-3726-41A3-9CE6-36FAE77CCC10}.Debug.ActiveCfg = Debug|Win32
		{B2DF5C1B-3726-41A3-9CE6-36FAE77CCC10}.Debug.Build.0 = Debug|Win32
		{B2DF5C1B-3726-41A3-9CE6-36FAE77CCC10}.Release.ActiveCfg = Release|Win32
		{B2DF5C1B-3726-41A3-9CE6-36FAE77CCC10}.Release.Build.0 = Release|Win32
		{7FF28772-0557-4735-AE2C-4FE76E84CCDB}.Debug.ActiveCfg = Debug|Win32
		{7FF28772-0557-4735-AE2C-4FE76E84CCDB}.Debug.Build.0 = Debug|Win32
		{7FF28772-0557-4735-AE2C-4FE76E84CCDB}.Release.ActiveCfg = Release|Win32
		{7FF28772-0557-4735-AE2C-4FE76E84CCDB}.Release.Build.0 = Release|Win32
		{437F1FBC-DB1F-43F7-8C37-496518D268E9}.Debug.ActiveCfg = Debug|Win32
		{437F1FBC-DB1F-43F7-8C37-496518D268E9}.Debug.Build.0 = Debug|Win32
		{437F1FBC-DB1F-43F7-8C37-496518D268E9}.Release.ActiveCfg = Release|Win32
		{437F1FBC-DB1F-43F7-8C37-496518D268E9}.Release.Build.0 = Release|Win32
		{11DB8592-6280-45AD-8F30-F95B242F28DC}.Debug.ActiveCfg = Debug|Win32
		{11DB8592-6280-45AD-8F30-F95B242F28DC}.Debug.Build.0 = Debug|Win32
		{11DB8592-6280-45AD-8F30-F95B242F28DC}.Release.ActiveCfg = Release|Win32
		{11DB8592-6280-45AD-8F30-F95B242F28DC}.Release.Build.0 = Release|Win32
		{55F91251-BF8F-4EB4-8CC1-4EFB7DFBF589}.Debug.ActiveCfg = Debug|Win32
		{55F91251-BF8F-4EB4-8CC1-4EFB7DFBF589}.Debug.Build.0 = Debug|Win32
		{55F91251-BF8F-4EB4-8CC1-4EFB7DFBF589}.Release.ActiveCfg = Release|Win32
		{55F91251-BF8F-4EB4-8CC1-4EFB7DFBF589}.Release.Build.0 = Release|Win32
		{5BF1689B-E04C-4AF4-BAC5-F09D4BCCD6BB}.Debug.ActiveCfg = Debug|Win32
		{5BF1689B-E04C-4AF4-BAC5-F09D4BCCD6BB}.Debug.Build.0 = Debug|Win32
		{5BF1689B-E04C-4AF4-BAC5-F09D4BCCD6BB}.Release.ActiveCfg = Release|Win32
		{5BF1689B-E04C-4AF4-BAC5-F09D4BCCD6BB}.Release.Build.0 = Release|Win32
		{CAF1357E-E4D9-483A-8121-0FE8209D1DE8}.Debug.ActiveCfg = Debug|Win32
		{CAF1357E-E4D9-483A-8121-0FE8209D1DE8}.Debug.Build.0 = Debug|Win32
		{CAF1357E-E4D9-483A-8121-0FE8209D1DE8}.Release.ActiveCfg = Release|Win32
		{CAF1357E-E4D9-483A-8121-0FE8209D1DE8}.Release.Build.0 = Release|Win32
		{D6606466-C5FF-423A-A821-8635D5702EAE}.Debug.ActiveCfg = Debug|Win32
		{D6606466-C5FF-423A-A821-8635D5702EAE}.Debug.Build.0 = Debug|Win32
		{D6606466-C5FF-423A-A821-8635D5702EAE}.Release.ActiveCfg = Release|Win32
		{D6606466-C5FF-423A-A821-8635D5702EAE}.Release.Build.0 = Release|Win32
	EndGlobalSection
	GlobalSection(ExtensibilityGlobals) = postSolution
	EndGlobalSection
	GlobalSection(ExtensibilityAddIns) = postSolution
	EndGlobalSection
EndGlobal
